
Microsoft Visual Studio Solution File, Format Version 12.00
# Visual Studio Version 17
VisualStudioVersion = 17.7.34018.315
MinimumVisualStudioVersion = 10.0.40219.1
Project("{FAE04EC0-301F-11D3-BF4B-00C04F79EFBC}") = "TestTaskMinboxLibrary", "TestTaskMinboxLibrary\TestTaskMinboxLibrary.csproj", "{6CD06FD1-FB54-49AA-9764-970D0CEED962}"
EndProject
Project("{FAE04EC0-301F-11D3-BF4B-00C04F79EFBC}") = "FiguresTests", "FiguresAreaTests\FiguresTests.csproj", "{CF16C1C0-F500-40DC-90DE-73E1728D0777}"
EndProject
Global
	GlobalSection(SolutionConfigurationPlatforms) = preSolution
		Debug|Any CPU = Debug|Any CPU
		Release|Any CPU = Release|Any CPU
	EndGlobalSection
	GlobalSection(ProjectConfigurationPlatforms) = postSolution
		{6CD06FD1-FB54-49AA-9764-970D0CEED962}.Debug|Any CPU.ActiveCfg = Debug|Any CPU
		{6CD06FD1-FB54-49AA-9764-970D0CEED962}.Debug|Any CPU.Build.0 = Debug|Any CPU
		{6CD06FD1-FB54-49AA-9764-970D0CEED962}.Release|Any CPU.ActiveCfg = Release|Any CPU
		{6CD06FD1-FB54-49AA-9764-970D0CEED962}.Release|Any CPU.Build.0 = Release|Any CPU
		{CF16C1C0-F500-40DC-90DE-73E1728D0777}.Debug|Any CPU.ActiveCfg = Debug|Any CPU
		{CF16C1C0-F500-40DC-90DE-73E1728D0777}.Debug|Any CPU.Build.0 = Debug|Any CPU
		{CF16C1C0-F500-40DC-90DE-73E1728D0777}.Release|Any CPU.ActiveCfg = Release|Any CPU
		{CF16C1C0-F500-40DC-90DE-73E1728D0777}.Release|Any CPU.Build.0 = Release|Any CPU
	EndGlobalSection
	GlobalSection(SolutionProperties) = preSolution
		HideSolutionNode = FALSE
	EndGlobalSection
	GlobalSection(ExtensibilityGlobals) = postSolution
		SolutionGuid = {5D6879F7-A5F0-4149-8FC3-DE8CD1960E8D}
	EndGlobalSection
EndGlobal
